Microsoft Visual Studio Solution File, Format Version 12.00
# Visual Studio 2012
Project("{FAE04EC0-301F-11D3-BF4B-00C04F79EFBC}") = "3cmanpunchergame", "3cmanpunchergame.csproj", "{F5EE606A-C193-40F2-9049-A5D361C1DEBA}"
EndProject
Global
	GlobalSection(SolutionConfigurationPlatforms) = preSolution
	Debug|Any CPU = Debug|Any CPU
	ExportDebug|Any CPU = ExportDebug|Any CPU
	ExportRelease|Any CPU = ExportRelease|Any CPU
	EndGlobalSection
	GlobalSection(ProjectConfigurationPlatforms) = postSolution
		{F5EE606A-C193-40F2-9049-A5D361C1DEBA}.Debug|Any CPU.ActiveCfg = Debug|Any CPU
		{F5EE606A-C193-40F2-9049-A5D361C1DEBA}.Debug|Any CPU.Build.0 = Debug|Any CPU
		{F5EE606A-C193-40F2-9049-A5D361C1DEBA}.ExportDebug|Any CPU.ActiveCfg = ExportDebug|Any CPU
		{F5EE606A-C193-40F2-9049-A5D361C1DEBA}.ExportDebug|Any CPU.Build.0 = ExportDebug|Any CPU
		{F5EE606A-C193-40F2-9049-A5D361C1DEBA}.ExportRelease|Any CPU.ActiveCfg = ExportRelease|Any CPU
		{F5EE606A-C193-40F2-9049-A5D361C1DEBA}.ExportRelease|Any CPU.Build.0 = ExportRelease|Any CPU
	EndGlobalSection
EndGlobal
